
Microsoft Visual Studio Solution File, Format Version 12.00
# Visual Studio Version 16
VisualStudioVersion = 16.0.31515.178
MinimumVisualStudioVersion = 10.0.40219.1
Project("{FAE04EC0-301F-11D3-BF4B-00C04F79EFBC}") = "Hello World!", "Hello World!\Hello World!.csproj", "{64BF865C-043A-4348-BDD1-62C0EB35ECE8}"
EndProject
Project("{FAE04EC0-301F-11D3-BF4B-00C04F79EFBC}") = "GetFactorial", "GetFactorial\GetFactorial.csproj", "{6D244AE5-B0B1-452B-9107-4E95D9DEA77E}"
EndProject
Global
	GlobalSection(SolutionConfigurationPlatforms) = preSolution
		Debug|Any CPU = Debug|Any CPU
		Release|Any CPU = Release|Any CPU
	EndGlobalSection
	GlobalSection(ProjectConfigurationPlatforms) = postSolution
		{64BF865C-043A-4348-BDD1-62C0EB35ECE8}.Debug|Any CPU.ActiveCfg = Debug|Any CPU
		{64BF865C-043A-4348-BDD1-62C0EB35ECE8}.Debug|Any CPU.Build.0 = Debug|Any CPU
		{64BF865C-043A-4348-BDD1-62C0EB35ECE8}.Release|Any CPU.ActiveCfg = Release|Any CPU
		{64BF865C-043A-4348-BDD1-62C0EB35ECE8}.Release|Any CPU.Build.0 = Release|Any CPU
		{6D244AE5-B0B1-452B-9107-4E95D9DEA77E}.Debug|Any CPU.ActiveCfg = Debug|Any CPU
		{6D244AE5-B0B1-452B-9107-4E95D9DEA77E}.Debug|Any CPU.Build.0 = Debug|Any CPU
		{6D244AE5-B0B1-452B-9107-4E95D9DEA77E}.Release|Any CPU.ActiveCfg = Release|Any CPU
		{6D244AE5-B0B1-452B-9107-4E95D9DEA77E}.Release|Any CPU.Build.0 = Release|Any CPU
	EndGlobalSection
	GlobalSection(SolutionProperties) = preSolution
		HideSolutionNode = FALSE
	EndGlobalSection
	GlobalSection(ExtensibilityGlobals) = postSolution
		SolutionGuid = {23BE2A20-4FC2-4274-8DBF-9708F2A82AE7}
	EndGlobalSection
EndGlobal
