
Microsoft Visual Studio Solution File, Format Version 12.00
# Visual Studio Version 16
VisualStudioVersion = 16.0.31515.178
MinimumVisualStudioVersion = 10.0.40219.1
Project("{9A19103F-16F7-4668-BE54-9A1E7A4F7556}") = "Hello World!", "Hello World!\Hello World!.csproj", "{64BF865C-043A-4348-BDD1-62C0EB35ECE8}"
EndProject
Project("{9A19103F-16F7-4668-BE54-9A1E7A4F7556}") = "Variable Type", "Variable Type\Variable Type.csproj", "{AD5D48F7-891A-4014-B0F8-D5D7A40B6F02}"
EndProject
Project("{9A19103F-16F7-4668-BE54-9A1E7A4F7556}") = "Get Factorial", "Get Factorial\Get Factorial.csproj", "{7EED1399-BE6A-4CA1-AB69-7CE17F212536}"
EndProject
Project("{9A19103F-16F7-4668-BE54-9A1E7A4F7556}") = "Input And Output", "Input And Output\Input And Output.csproj", "{89F19078-C5AD-48DD-9F13-BA42E75D5A3A}"
EndProject
Project("{9A19103F-16F7-4668-BE54-9A1E7A4F7556}") = "Test Convert", "Test Convert\Test Convert.csproj", "{A54A94D6-C732-4BEA-84D4-4A8EB748E28E}"
EndProject
Project("{9A19103F-16F7-4668-BE54-9A1E7A4F7556}") = "Foreach", "Foreach\Foreach.csproj", "{2C975788-51F0-44E2-AF19-06998BE3C786}"
EndProject
Project("{9A19103F-16F7-4668-BE54-9A1E7A4F7556}") = "Test Random", "Test Random\Test Random.csproj", "{DC1F3098-4496-4E66-AF12-B35E23D55D39}"
EndProject
Project("{9A19103F-16F7-4668-BE54-9A1E7A4F7556}") = "Student Struct", "Student Struct\Student Struct.csproj", "{1EA8CE9D-699A-467A-9DEF-9A5B0ACBAEE5}"
EndProject
Project("{9A19103F-16F7-4668-BE54-9A1E7A4F7556}") = "Test Function", "Test Function\Test Function.csproj", "{D0BD01F5-C026-46AE-8722-609504810AC4}"
EndProject
Project("{9A19103F-16F7-4668-BE54-9A1E7A4F7556}") = "Flight Game", "Flight Game\Flight Game.csproj", "{DBBBB3B3-7145-4744-B4BE-C2ED3D5C4BC7}"
EndProject
Project("{9A19103F-16F7-4668-BE54-9A1E7A4F7556}") = "Test Class", "Test Class\Test Class.csproj", "{9D1C9016-7825-4E73-B41E-6C3EF40D3FB4}"
EndProject
Project("{9A19103F-16F7-4668-BE54-9A1E7A4F7556}") = "Test Inherit", "Test Inherit\Test Inherit.csproj", "{F4424F1E-6943-4CF9-B74C-4355E26D14E7}"
EndProject
Project("{9A19103F-16F7-4668-BE54-9A1E7A4F7556}") = "Test Container", "Test Container\Test Container.csproj", "{D96F5B42-AEA4-4691-B8C5-FE0AC3690668}"
EndProject
Project("{9A19103F-16F7-4668-BE54-9A1E7A4F7556}") = "Test File", "Test File\Test File.csproj", "{779BBDF5-D7BF-4D2E-A408-2FFD59B3A3B9}"
EndProject
Project("{9A19103F-16F7-4668-BE54-9A1E7A4F7556}") = "Test Serialize", "Test Serialize\Test Serialize.csproj", "{966E3B2E-995E-46E8-B783-7E0347423151}"
EndProject
Project("{9A19103F-16F7-4668-BE54-9A1E7A4F7556}") = "Supermarket Cashier System", "Supermarket Cashier System\Supermarket Cashier System.csproj", "{0E8C446F-1659-4103-B8BA-55087DA08F92}"
EndProject
Project("{9A19103F-16F7-4668-BE54-9A1E7A4F7556}") = "MD5 Encryption", "MD5 Encryption\MD5 Encryption.csproj", "{6D865000-2C5F-4F13-8EB4-E750CB678D83}"
EndProject
Project("{9A19103F-16F7-4668-BE54-9A1E7A4F7556}") = "WinForms Hello World!", "WinForms Hello World!\WinForms Hello World!.csproj", "{98271F45-B0AC-4F9B-9B9A-E68CB06DE1BF}"
EndProject
Project("{9A19103F-16F7-4668-BE54-9A1E7A4F7556}") = "Do You Love Me", "DoYouLoveMe\Do You Love Me.csproj", "{42783281-DD99-4337-9C5B-E239B371C03C}"
EndProject
Project("{9A19103F-16F7-4668-BE54-9A1E7A4F7556}") = "Simple TXT Editor", "Simple TXT Editor\Simple TXT Editor.csproj", "{F3EE277B-E9B7-4874-A4B3-20A43EAACF12}"
EndProject
Project("{9A19103F-16F7-4668-BE54-9A1E7A4F7556}") = "Date Selector", "Date Selector\Date Selector.csproj", "{F15018B2-214C-43A0-85BE-ECB8D5A1DB7D}"
EndProject
Project("{FAE04EC0-301F-11D3-BF4B-00C04F79EFBC}") = "Server", "Server\Server.csproj", "{E2FDA96C-C044-4D74-A1EF-4746E95BC37E}"
EndProject
Project("{FAE04EC0-301F-11D3-BF4B-00C04F79EFBC}") = "Client", "Client\Client.csproj", "{42B7FD10-4DA8-42BF-90DB-4564B8273FE4}"
EndProject
Global
	GlobalSection(SolutionConfigurationPlatforms) = preSolution
		Debug|Any CPU = Debug|Any CPU
		Release|Any CPU = Release|Any CPU
	EndGlobalSection
	GlobalSection(ProjectConfigurationPlatforms) = postSolution
		{64BF865C-043A-4348-BDD1-62C0EB35ECE8}.Debug|Any CPU.ActiveCfg = Debug|Any CPU
		{64BF865C-043A-4348-BDD1-62C0EB35ECE8}.Debug|Any CPU.Build.0 = Debug|Any CPU
		{64BF865C-043A-4348-BDD1-62C0EB35ECE8}.Release|Any CPU.ActiveCfg = Release|Any CPU
		{64BF865C-043A-4348-BDD1-62C0EB35ECE8}.Release|Any CPU.Build.0 = Release|Any CPU
		{AD5D48F7-891A-4014-B0F8-D5D7A40B6F02}.Debug|Any CPU.ActiveCfg = Debug|Any CPU
		{AD5D48F7-891A-4014-B0F8-D5D7A40B6F02}.Debug|Any CPU.Build.0 = Debug|Any CPU
		{AD5D48F7-891A-4014-B0F8-D5D7A40B6F02}.Release|Any CPU.ActiveCfg = Release|Any CPU
		{AD5D48F7-891A-4014-B0F8-D5D7A40B6F02}.Release|Any CPU.Build.0 = Release|Any CPU
		{7EED1399-BE6A-4CA1-AB69-7CE17F212536}.Debug|Any CPU.ActiveCfg = Debug|Any CPU
		{7EED1399-BE6A-4CA1-AB69-7CE17F212536}.Debug|Any CPU.Build.0 = Debug|Any CPU
		{7EED1399-BE6A-4CA1-AB69-7CE17F212536}.Release|Any CPU.ActiveCfg = Release|Any CPU
		{7EED1399-BE6A-4CA1-AB69-7CE17F212536}.Release|Any CPU.Build.0 = Release|Any CPU
		{89F19078-C5AD-48DD-9F13-BA42E75D5A3A}.Debug|Any CPU.ActiveCfg = Debug|Any CPU
		{89F19078-C5AD-48DD-9F13-BA42E75D5A3A}.Debug|Any CPU.Build.0 = Debug|Any CPU
		{89F19078-C5AD-48DD-9F13-BA42E75D5A3A}.Release|Any CPU.ActiveCfg = Release|Any CPU
		{89F19078-C5AD-48DD-9F13-BA42E75D5A3A}.Release|Any CPU.Build.0 = Release|Any CPU
		{A54A94D6-C732-4BEA-84D4-4A8EB748E28E}.Debug|Any CPU.ActiveCfg = Debug|Any CPU
		{A54A94D6-C732-4BEA-84D4-4A8EB748E28E}.Debug|Any CPU.Build.0 = Debug|Any CPU
		{A54A94D6-C732-4BEA-84D4-4A8EB748E28E}.Release|Any CPU.ActiveCfg = Release|Any CPU
		{A54A94D6-C732-4BEA-84D4-4A8EB748E28E}.Release|Any CPU.Build.0 = Release|Any CPU
		{2C975788-51F0-44E2-AF19-06998BE3C786}.Debug|Any CPU.ActiveCfg = Debug|Any CPU
		{2C975788-51F0-44E2-AF19-06998BE3C786}.Debug|Any CPU.Build.0 = Debug|Any CPU
		{2C975788-51F0-44E2-AF19-06998BE3C786}.Release|Any CPU.ActiveCfg = Release|Any CPU
		{2C975788-51F0-44E2-AF19-06998BE3C786}.Release|Any CPU.Build.0 = Release|Any CPU
		{DC1F3098-4496-4E66-AF12-B35E23D55D39}.Debug|Any CPU.ActiveCfg = Debug|Any CPU
		{DC1F3098-4496-4E66-AF12-B35E23D55D39}.Debug|Any CPU.Build.0 = Debug|Any CPU
		{DC1F3098-4496-4E66-AF12-B35E23D55D39}.Release|Any CPU.ActiveCfg = Release|Any CPU
		{DC1F3098-4496-4E66-AF12-B35E23D55D39}.Release|Any CPU.Build.0 = Release|Any CPU
		{1EA8CE9D-699A-467A-9DEF-9A5B0ACBAEE5}.Debug|Any CPU.ActiveCfg = Debug|Any CPU
		{1EA8CE9D-699A-467A-9DEF-9A5B0ACBAEE5}.Debug|Any CPU.Build.0 = Debug|Any CPU
		{1EA8CE9D-699A-467A-9DEF-9A5B0ACBAEE5}.Release|Any CPU.ActiveCfg = Release|Any CPU
		{1EA8CE9D-699A-467A-9DEF-9A5B0ACBAEE5}.Release|Any CPU.Build.0 = Release|Any CPU
		{D0BD01F5-C026-46AE-8722-609504810AC4}.Debug|Any CPU.ActiveCfg = Debug|Any CPU
		{D0BD01F5-C026-46AE-8722-609504810AC4}.Debug|Any CPU.Build.0 = Debug|Any CPU
		{D0BD01F5-C026-46AE-8722-609504810AC4}.Release|Any CPU.ActiveCfg = Release|Any CPU
		{D0BD01F5-C026-46AE-8722-609504810AC4}.Release|Any CPU.Build.0 = Release|Any CPU
		{DBBBB3B3-7145-4744-B4BE-C2ED3D5C4BC7}.Debug|Any CPU.ActiveCfg = Debug|Any CPU
		{DBBBB3B3-7145-4744-B4BE-C2ED3D5C4BC7}.Debug|Any CPU.Build.0 = Debug|Any CPU
		{DBBBB3B3-7145-4744-B4BE-C2ED3D5C4BC7}.Release|Any CPU.ActiveCfg = Release|Any CPU
		{DBBBB3B3-7145-4744-B4BE-C2ED3D5C4BC7}.Release|Any CPU.Build.0 = Release|Any CPU
		{9D1C9016-7825-4E73-B41E-6C3EF40D3FB4}.Debug|Any CPU.ActiveCfg = Debug|Any CPU
		{9D1C9016-7825-4E73-B41E-6C3EF40D3FB4}.Debug|Any CPU.Build.0 = Debug|Any CPU
		{9D1C9016-7825-4E73-B41E-6C3EF40D3FB4}.Release|Any CPU.ActiveCfg = Release|Any CPU
		{9D1C9016-7825-4E73-B41E-6C3EF40D3FB4}.Release|Any CPU.Build.0 = Release|Any CPU
		{F4424F1E-6943-4CF9-B74C-4355E26D14E7}.Debug|Any CPU.ActiveCfg = Debug|Any CPU
		{F4424F1E-6943-4CF9-B74C-4355E26D14E7}.Debug|Any CPU.Build.0 = Debug|Any CPU
		{F4424F1E-6943-4CF9-B74C-4355E26D14E7}.Release|Any CPU.ActiveCfg = Release|Any CPU
		{F4424F1E-6943-4CF9-B74C-4355E26D14E7}.Release|Any CPU.Build.0 = Release|Any CPU
		{D96F5B42-AEA4-4691-B8C5-FE0AC3690668}.Debug|Any CPU.ActiveCfg = Debug|Any CPU
		{D96F5B42-AEA4-4691-B8C5-FE0AC3690668}.Debug|Any CPU.Build.0 = Debug|Any CPU
		{D96F5B42-AEA4-4691-B8C5-FE0AC3690668}.Release|Any CPU.ActiveCfg = Release|Any CPU
		{D96F5B42-AEA4-4691-B8C5-FE0AC3690668}.Release|Any CPU.Build.0 = Release|Any CPU
		{779BBDF5-D7BF-4D2E-A408-2FFD59B3A3B9}.Debug|Any CPU.ActiveCfg = Debug|Any CPU
		{779BBDF5-D7BF-4D2E-A408-2FFD59B3A3B9}.Debug|Any CPU.Build.0 = Debug|Any CPU
		{779BBDF5-D7BF-4D2E-A408-2FFD59B3A3B9}.Release|Any CPU.ActiveCfg = Release|Any CPU
		{779BBDF5-D7BF-4D2E-A408-2FFD59B3A3B9}.Release|Any CPU.Build.0 = Release|Any CPU
		{966E3B2E-995E-46E8-B783-7E0347423151}.Debug|Any CPU.ActiveCfg = Debug|Any CPU
		{966E3B2E-995E-46E8-B783-7E0347423151}.Debug|Any CPU.Build.0 = Debug|Any CPU
		{966E3B2E-995E-46E8-B783-7E0347423151}.Release|Any CPU.ActiveCfg = Release|Any CPU
		{966E3B2E-995E-46E8-B783-7E0347423151}.Release|Any CPU.Build.0 = Release|Any CPU
		{0E8C446F-1659-4103-B8BA-55087DA08F92}.Debug|Any CPU.ActiveCfg = Debug|Any CPU
		{0E8C446F-1659-4103-B8BA-55087DA08F92}.Debug|Any CPU.Build.0 = Debug|Any CPU
		{0E8C446F-1659-4103-B8BA-55087DA08F92}.Release|Any CPU.ActiveCfg = Release|Any CPU
		{0E8C446F-1659-4103-B8BA-55087DA08F92}.Release|Any CPU.Build.0 = Release|Any CPU
		{6D865000-2C5F-4F13-8EB4-E750CB678D83}.Debug|Any CPU.ActiveCfg = Debug|Any CPU
		{6D865000-2C5F-4F13-8EB4-E750CB678D83}.Debug|Any CPU.Build.0 = Debug|Any CPU
		{6D865000-2C5F-4F13-8EB4-E750CB678D83}.Release|Any CPU.ActiveCfg = Release|Any CPU
		{6D865000-2C5F-4F13-8EB4-E750CB678D83}.Release|Any CPU.Build.0 = Release|Any CPU
		{98271F45-B0AC-4F9B-9B9A-E68CB06DE1BF}.Debug|Any CPU.ActiveCfg = Debug|Any CPU
		{98271F45-B0AC-4F9B-9B9A-E68CB06DE1BF}.Debug|Any CPU.Build.0 = Debug|Any CPU
		{98271F45-B0AC-4F9B-9B9A-E68CB06DE1BF}.Release|Any CPU.ActiveCfg = Release|Any CPU
		{98271F45-B0AC-4F9B-9B9A-E68CB06DE1BF}.Release|Any CPU.Build.0 = Release|Any CPU
		{42783281-DD99-4337-9C5B-E239B371C03C}.Debug|Any CPU.ActiveCfg = Debug|Any CPU
		{42783281-DD99-4337-9C5B-E239B371C03C}.Debug|Any CPU.Build.0 = Debug|Any CPU
		{42783281-DD99-4337-9C5B-E239B371C03C}.Release|Any CPU.ActiveCfg = Release|Any CPU
		{42783281-DD99-4337-9C5B-E239B371C03C}.Release|Any CPU.Build.0 = Release|Any CPU
		{F3EE277B-E9B7-4874-A4B3-20A43EAACF12}.Debug|Any CPU.ActiveCfg = Debug|Any CPU
		{F3EE277B-E9B7-4874-A4B3-20A43EAACF12}.Debug|Any CPU.Build.0 = Debug|Any CPU
		{F3EE277B-E9B7-4874-A4B3-20A43EAACF12}.Release|Any CPU.ActiveCfg = Release|Any CPU
		{F3EE277B-E9B7-4874-A4B3-20A43EAACF12}.Release|Any CPU.Build.0 = Release|Any CPU
		{F15018B2-214C-43A0-85BE-ECB8D5A1DB7D}.Debug|Any CPU.ActiveCfg = Debug|Any CPU
		{F15018B2-214C-43A0-85BE-ECB8D5A1DB7D}.Debug|Any CPU.Build.0 = Debug|Any CPU
		{F15018B2-214C-43A0-85BE-ECB8D5A1DB7D}.Release|Any CPU.ActiveCfg = Release|Any CPU
		{F15018B2-214C-43A0-85BE-ECB8D5A1DB7D}.Release|Any CPU.Build.0 = Release|Any CPU
		{E2FDA96C-C044-4D74-A1EF-4746E95BC37E}.Debug|Any CPU.ActiveCfg = Debug|Any CPU
		{E2FDA96C-C044-4D74-A1EF-4746E95BC37E}.Debug|Any CPU.Build.0 = Debug|Any CPU
		{E2FDA96C-C044-4D74-A1EF-4746E95BC37E}.Release|Any CPU.ActiveCfg = Release|Any CPU
		{E2FDA96C-C044-4D74-A1EF-4746E95BC37E}.Release|Any CPU.Build.0 = Release|Any CPU
		{42B7FD10-4DA8-42BF-90DB-4564B8273FE4}.Debug|Any CPU.ActiveCfg = Debug|Any CPU
		{42B7FD10-4DA8-42BF-90DB-4564B8273FE4}.Debug|Any CPU.Build.0 = Debug|Any CPU
		{42B7FD10-4DA8-42BF-90DB-4564B8273FE4}.Release|Any CPU.ActiveCfg = Release|Any CPU
		{42B7FD10-4DA8-42BF-90DB-4564B8273FE4}.Release|Any CPU.Build.0 = Release|Any CPU
	EndGlobalSection
	GlobalSection(SolutionProperties) = preSolution
		HideSolutionNode = FALSE
	EndGlobalSection
	GlobalSection(ExtensibilityGlobals) = postSolution
		SolutionGuid = {23BE2A20-4FC2-4274-8DBF-9708F2A82AE7}
	EndGlobalSection
EndGlobal
